{
  "originHash" : "ccc96681e2d62156dab661425e010ba17b8dc932f34b3fd37b594400dbc2e471",
  "pins" : [
    {
      "identity" : "purchases-ios",
      "kind" : "remoteSourceControl",
      "location" : "https://github.com/RevenueCat/purchases-ios.git",
      "state" : {
        "revision" : "4d75c384d9169316d6aa5b74b541c02dd0e345ec",
        "version" : "5.60.0"
      }
    },
    {
      "identity" : "purchases-ios-spm",
      "kind" : "remoteSourceControl",
      "location" : "https://github.com/RevenueCat/purchases-ios-spm.git",
      "state" : {
        "revision" : "4d75c384d9169316d6aa5b74b541c02dd0e345ec",
        "version" : "5.60.0"
      }
    }
  ],
  "version" : 3
}
