{
  "originHash" : "ccc96681e2d62156dab661425e010ba17b8dc932f34b3fd37b594400dbc2e471",
  "pins" : [
    {
      "identity" : "purchases-ios",
      "kind" : "remoteSourceControl",
      "location" : "https://github.com/RevenueCat/purchases-ios.git",
      "state" : {
        "revision" : "a32fd7872f2beaa584b51b6c744364f27e75c869",
        "version" : "5.63.0"
      }
    },
    {
      "identity" : "purchases-ios-spm",
      "kind" : "remoteSourceControl",
      "location" : "https://github.com/RevenueCat/purchases-ios-spm.git",
      "state" : {
        "revision" : "a32fd7872f2beaa584b51b6c744364f27e75c869",
        "version" : "5.63.0"
      }
    }
  ],
  "version" : 3
}
